// !$*UTF8*$!
{
	archiveVersion = 1;
	classes = {
	};
	objectVersion = 55;
	objects = {

/* Begin PBXBuildFile section */
		AF0185A727A6D638004B7593 /* CustomNavigationConroller.swift in Sources */ = {isa = PBXBuildFile; fileRef = AF0185A627A6D638004B7593 /* CustomNavigationConroller.swift */; };
		AF0185A927A6D8A7004B7593 /* NavigationAnimators.swift in Sources */ = {isa = PBXBuildFile; fileRef = AF0185A827A6D8A7004B7593 /* NavigationAnimators.swift */; };
		AF1F8E8027763CDD0054DB80 /* FriendsCell.swift in Sources */ = {isa = PBXBuildFile; fileRef = AF1F8E7E27763CDD0054DB80 /* FriendsCell.swift */; };
		AF1F8E8127763CDD0054DB80 /* FriendsCell.xib in Resources */ = {isa = PBXBuildFile; fileRef = AF1F8E7F27763CDD0054DB80 /* FriendsCell.xib */; };
		AF2E99502798833A00021F75 /* TextNewsCell.swift in Sources */ = {isa = PBXBuildFile; fileRef = AF2E994E2798833A00021F75 /* TextNewsCell.swift */; };
		AF2E99512798833A00021F75 /* TextNewsCell.xib in Resources */ = {isa = PBXBuildFile; fileRef = AF2E994F2798833A00021F75 /* TextNewsCell.xib */; };
		AF2E9954279885D600021F75 /* ImageNewsCell.swift in Sources */ = {isa = PBXBuildFile; fileRef = AF2E9952279885D600021F75 /* ImageNewsCell.swift */; };
		AF2E9955279885D600021F75 /* ImageNewsCell.xib in Resources */ = {isa = PBXBuildFile; fileRef = AF2E9953279885D600021F75 /* ImageNewsCell.xib */; };
		AF2FD392279C618D0059C2E8 /* LoadScreenVC.swift in Sources */ = {isa = PBXBuildFile; fileRef = AF2FD391279C618D0059C2E8 /* LoadScreenVC.swift */; };
		AF4277092773BCF6007C9E93 /* FriendsTableVC.swift in Sources */ = {isa = PBXBuildFile; fileRef = AF4277082773BCF6007C9E93 /* FriendsTableVC.swift */; };
		AF42770B2773BD35007C9E93 /* PersonalGroupsTableVC.swift in Sources */ = {isa = PBXBuildFile; fileRef = AF42770A2773BD35007C9E93 /* PersonalGroupsTableVC.swift */; };
		AF42770D2773BD79007C9E93 /* GlobalGroupsTableVC.swift in Sources */ = {isa = PBXBuildFile; fileRef = AF42770C2773BD79007C9E93 /* GlobalGroupsTableVC.swift */; };
		AF45CF6627B3DC09002EF5D7 /* Singleton.swift in Sources */ = {isa = PBXBuildFile; fileRef = AF45CF6527B3DC09002EF5D7 /* Singleton.swift */; };
		AF574BB62798635000173AB9 /* Main.storyboard in Resources */ = {isa = PBXBuildFile; fileRef = AF574BB52798635000173AB9 /* Main.storyboard */; };
		AF574BBB279876A700173AB9 /* HeaderCell.swift in Sources */ = {isa = PBXBuildFile; fileRef = AF574BB9279876A700173AB9 /* HeaderCell.swift */; };
		AF574BBC279876A700173AB9 /* HeaderCell.xib in Resources */ = {isa = PBXBuildFile; fileRef = AF574BBA279876A700173AB9 /* HeaderCell.xib */; };
		AF574BBF27987B0800173AB9 /* FooterCell.swift in Sources */ = {isa = PBXBuildFile; fileRef = AF574BBD27987B0800173AB9 /* FooterCell.swift */; };
		AF574BC027987B0800173AB9 /* FooterCell.xib in Resources */ = {isa = PBXBuildFile; fileRef = AF574BBE27987B0800173AB9 /* FooterCell.xib */; };
		AF5B67B82773B8E1008A52F2 /* PhotoFriendsCollectionVC.swift in Sources */ = {isa = PBXBuildFile; fileRef = AF5B67B62773B8E1008A52F2 /* PhotoFriendsCollectionVC.swift */; };
		AF5FC58C27988ECF00FEED89 /* NewsTableVC.swift in Sources */ = {isa = PBXBuildFile; fileRef = AF5FC58B27988ECF00FEED89 /* NewsTableVC.swift */; };
		AF81627827A82C43000881E5 /* SetAnchorPoint.swift in Sources */ = {isa = PBXBuildFile; fileRef = AF81627727A82C43000881E5 /* SetAnchorPoint.swift */; };
		AF929667277C71A80097A708 /* AvatarView.swift in Sources */ = {isa = PBXBuildFile; fileRef = AF929666277C71A80097A708 /* AvatarView.swift */; };
		AF9E53862778956400A3851B /* PhotoFriendsCollectionCell.swift in Sources */ = {isa = PBXBuildFile; fileRef = AF9E53842778956400A3851B /* PhotoFriendsCollectionCell.swift */; };
		AF9E53872778956400A3851B /* PhotoFriendsCollectionCell.xib in Resources */ = {isa = PBXBuildFile; fileRef = AF9E53852778956400A3851B /* PhotoFriendsCollectionCell.xib */; };
		AF9E538A2778A74000A3851B /* User.swift in Sources */ = {isa = PBXBuildFile; fileRef = AF9E53892778A74000A3851B /* User.swift */; };
		AF9E538C2778A74C00A3851B /* Group.swift in Sources */ = {isa = PBXBuildFile; fileRef = AF9E538B2778A74C00A3851B /* Group.swift */; };
		AFB6527527A1B69D0007B248 /* FullScreenPhotoVC.swift in Sources */ = {isa = PBXBuildFile; fileRef = AFB6527427A1B69D0007B248 /* FullScreenPhotoVC.swift */; };
		AFE261392771B6BA006994D1 /* AppDelegate.swift in Sources */ = {isa = PBXBuildFile; fileRef = AFE261382771B6BA006994D1 /* AppDelegate.swift */; };
		AFE2613B2771B6BA006994D1 /* SceneDelegate.swift in Sources */ = {isa = PBXBuildFile; fileRef = AFE2613A2771B6BA006994D1 /* SceneDelegate.swift */; };
		AFE2613D2771B6BA006994D1 /* LoginViewController.swift in Sources */ = {isa = PBXBuildFile; fileRef = AFE2613C2771B6BA006994D1 /* LoginViewController.swift */; };
		AFE261422771B6BB006994D1 /* Assets.xcassets in Resources */ = {isa = PBXBuildFile; fileRef = AFE261412771B6BB006994D1 /* Assets.xcassets */; };
		AFE261452771B6BB006994D1 /* LaunchScreen.storyboard in Resources */ = {isa = PBXBuildFile; fileRef = AFE261432771B6BB006994D1 /* LaunchScreen.storyboard */; };
		AFF319B52777619300DCBEB6 /* GroupsCell.swift in Sources */ = {isa = PBXBuildFile; fileRef = AFF319B32777619300DCBEB6 /* GroupsCell.swift */; };
		AFF319B62777619300DCBEB6 /* GroupsCell.xib in Resources */ = {isa = PBXBuildFile; fileRef = AFF319B42777619300DCBEB6 /* GroupsCell.xib */; };
/* End PBXBuildFile section */

/* Begin PBXFileReference section */
		AF0185A627A6D638004B7593 /* CustomNavigationConroller.swift */ = {isa = PBXFileReference; lastKnownFileType = sourcecode.swift; path = CustomNavigationConroller.swift; sourceTree = "<group>"; };
		AF0185A827A6D8A7004B7593 /* NavigationAnimators.swift */ = {isa = PBXFileReference; lastKnownFileType = sourcecode.swift; path = NavigationAnimators.swift; sourceTree = "<group>"; };
		AF1F8E7E27763CDD0054DB80 /* FriendsCell.swift */ = {isa = PBXFileReference; lastKnownFileType = sourcecode.swift; path = FriendsCell.swift; sourceTree = "<group>"; };
		AF1F8E7F27763CDD0054DB80 /* FriendsCell.xib */ = {isa = PBXFileReference; lastKnownFileType = file.xib; path = FriendsCell.xib; sourceTree = "<group>"; };
		AF2E994E2798833A00021F75 /* TextNewsCell.swift */ = {isa = PBXFileReference; lastKnownFileType = sourcecode.swift; path = TextNewsCell.swift; sourceTree = "<group>"; };
		AF2E994F2798833A00021F75 /* TextNewsCell.xib */ = {isa = PBXFileReference; lastKnownFileType = file.xib; path = TextNewsCell.xib; sourceTree = "<group>"; };
		AF2E9952279885D600021F75 /* ImageNewsCell.swift */ = {isa = PBXFileReference; lastKnownFileType = sourcecode.swift; path = ImageNewsCell.swift; sourceTree = "<group>"; };
		AF2E9953279885D600021F75 /* ImageNewsCell.xib */ = {isa = PBXFileReference; lastKnownFileType = file.xib; path = ImageNewsCell.xib; sourceTree = "<group>"; };
		AF2FD391279C618D0059C2E8 /* LoadScreenVC.swift */ = {isa = PBXFileReference; lastKnownFileType = sourcecode.swift; path = LoadScreenVC.swift; sourceTree = "<group>"; };
		AF4277082773BCF6007C9E93 /* FriendsTableVC.swift */ = {isa = PBXFileReference; lastKnownFileType = sourcecode.swift; name = FriendsTableVC.swift; path = ../FriendsTableVC.swift; sourceTree = "<group>"; };
		AF42770A2773BD35007C9E93 /* PersonalGroupsTableVC.swift */ = {isa = PBXFileReference; lastKnownFileType = sourcecode.swift; path = PersonalGroupsTableVC.swift; sourceTree = "<group>"; };
		AF42770C2773BD79007C9E93 /* GlobalGroupsTableVC.swift */ = {isa = PBXFileReference; lastKnownFileType = sourcecode.swift; path = GlobalGroupsTableVC.swift; sourceTree = "<group>"; };
		AF45CF6527B3DC09002EF5D7 /* Singleton.swift */ = {isa = PBXFileReference; lastKnownFileType = sourcecode.swift; path = Singleton.swift; sourceTree = "<group>"; };
		AF574BB52798635000173AB9 /* Main.storyboard */ = {isa = PBXFileReference; lastKnownFileType = file.storyboard; path = Main.storyboard; sourceTree = "<group>"; };
		AF574BB9279876A700173AB9 /* HeaderCell.swift */ = {isa = PBXFileReference; lastKnownFileType = sourcecode.swift; path = HeaderCell.swift; sourceTree = "<group>"; };
		AF574BBA279876A700173AB9 /* HeaderCell.xib */ = {isa = PBXFileReference; lastKnownFileType = file.xib; path = HeaderCell.xib; sourceTree = "<group>"; };
		AF574BBD27987B0800173AB9 /* FooterCell.swift */ = {isa = PBXFileReference; lastKnownFileType = sourcecode.swift; path = FooterCell.swift; sourceTree = "<group>"; };
		AF574BBE27987B0800173AB9 /* FooterCell.xib */ = {isa = PBXFileReference; lastKnownFileType = file.xib; path = FooterCell.xib; sourceTree = "<group>"; };
		AF5B67B62773B8E1008A52F2 /* PhotoFriendsCollectionVC.swift */ = {isa = PBXFileReference; lastKnownFileType = sourcecode.swift; path = PhotoFriendsCollectionVC.swift; sourceTree = "<group>"; };
		AF5FC58B27988ECF00FEED89 /* NewsTableVC.swift */ = {isa = PBXFileReference; lastKnownFileType = sourcecode.swift; path = NewsTableVC.swift; sourceTree = "<group>"; };
		AF81627727A82C43000881E5 /* SetAnchorPoint.swift */ = {isa = PBXFileReference; lastKnownFileType = sourcecode.swift; path = SetAnchorPoint.swift; sourceTree = "<group>"; };
		AF929666277C71A80097A708 /* AvatarView.swift */ = {isa = PBXFileReference; lastKnownFileType = sourcecode.swift; path = AvatarView.swift; sourceTree = "<group>"; };
		AF9E53842778956400A3851B /* PhotoFriendsCollectionCell.swift */ = {isa = PBXFileReference; lastKnownFileType = sourcecode.swift; path = PhotoFriendsCollectionCell.swift; sourceTree = "<group>"; };
		AF9E53852778956400A3851B /* PhotoFriendsCollectionCell.xib */ = {isa = PBXFileReference; lastKnownFileType = file.xib; path = PhotoFriendsCollectionCell.xib; sourceTree = "<group>"; };
		AF9E53892778A74000A3851B /* User.swift */ = {isa = PBXFileReference; lastKnownFileType = sourcecode.swift; path = User.swift; sourceTree = "<group>"; };
		AF9E538B2778A74C00A3851B /* Group.swift */ = {isa = PBXFileReference; lastKnownFileType = sourcecode.swift; path = Group.swift; sourceTree = "<group>"; };
		AFB6527427A1B69D0007B248 /* FullScreenPhotoVC.swift */ = {isa = PBXFileReference; lastKnownFileType = sourcecode.swift; path = FullScreenPhotoVC.swift; sourceTree = "<group>"; };
		AFE261352771B6BA006994D1 /* VKApp.app */ = {isa = PBXFileReference; explicitFileType = wrapper.application; includeInIndex = 0; path = VKApp.app; sourceTree = BUILT_PRODUCTS_DIR; };
		AFE261382771B6BA006994D1 /* AppDelegate.swift */ = {isa = PBXFileReference; lastKnownFileType = sourcecode.swift; path = AppDelegate.swift; sourceTree = "<group>"; };
		AFE2613A2771B6BA006994D1 /* SceneDelegate.swift */ = {isa = PBXFileReference; lastKnownFileType = sourcecode.swift; path = SceneDelegate.swift; sourceTree = "<group>"; };
		AFE2613C2771B6BA006994D1 /* LoginViewController.swift */ = {isa = PBXFileReference; lastKnownFileType = sourcecode.swift; path = LoginViewController.swift; sourceTree = "<group>"; };
		AFE261412771B6BB006994D1 /* Assets.xcassets */ = {isa = PBXFileReference; lastKnownFileType = folder.assetcatalog; path = Assets.xcassets; sourceTree = "<group>"; };
		AFE261442771B6BB006994D1 /* Base */ = {isa = PBXFileReference; lastKnownFileType = file.storyboard; name = Base; path = Base.lproj/LaunchScreen.storyboard; sourceTree = "<group>"; };
		AFE261462771B6BB006994D1 /* Info.plist */ = {isa = PBXFileReference; lastKnownFileType = text.plist.xml; path = Info.plist; sourceTree = "<group>"; };
		AFF319B32777619300DCBEB6 /* GroupsCell.swift */ = {isa = PBXFileReference; lastKnownFileType = sourcecode.swift; path = GroupsCell.swift; sourceTree = "<group>"; };
		AFF319B42777619300DCBEB6 /* GroupsCell.xib */ = {isa = PBXFileReference; lastKnownFileType = file.xib; path = GroupsCell.xib; sourceTree = "<group>"; };
/* End PBXFileReference section */

/* Begin PBXFrameworksBuildPhase section */
		AFE261322771B6BA006994D1 /* Frameworks */ = {
			isa = PBXFrameworksBuildPhase;
			buildActionMask = 2147483647;
			files = (
			);
			runOnlyForDeploymentPostprocessing = 0;
		};
/* End PBXFrameworksBuildPhase section */

/* Begin PBXGroup section */
		AF0185A527A6D615004B7593 /* UIHelpers */ = {
			isa = PBXGroup;
			children = (
				AF0185A627A6D638004B7593 /* CustomNavigationConroller.swift */,
				AF0185A827A6D8A7004B7593 /* NavigationAnimators.swift */,
			);
			path = UIHelpers;
			sourceTree = "<group>";
		};
		AF1F8E7C27763C950054DB80 /* Reusable Cells */ = {
			isa = PBXGroup;
			children = (
				AF9E537E2778948F00A3851B /* CollectionCell */,
				AF1F8E7D27763CAF0054DB80 /* TableCells */,
				AF574BB82798753000173AB9 /* NewsCells */,
			);
			path = "Reusable Cells";
			sourceTree = "<group>";
		};
		AF1F8E7D27763CAF0054DB80 /* TableCells */ = {
			isa = PBXGroup;
			children = (
				AF1F8E7E27763CDD0054DB80 /* FriendsCell.swift */,
				AF1F8E7F27763CDD0054DB80 /* FriendsCell.xib */,
				AFF319B32777619300DCBEB6 /* GroupsCell.swift */,
				AFF319B42777619300DCBEB6 /* GroupsCell.xib */,
			);
			path = TableCells;
			sourceTree = "<group>";
		};
		AF574BB727986EBB00173AB9 /* ReusebleHeaderFooter */ = {
			isa = PBXGroup;
			children = (
			);
			path = ReusebleHeaderFooter;
			sourceTree = "<group>";
		};
		AF574BB82798753000173AB9 /* NewsCells */ = {
			isa = PBXGroup;
			children = (
				AF574BB9279876A700173AB9 /* HeaderCell.swift */,
				AF574BBA279876A700173AB9 /* HeaderCell.xib */,
				AF574BBD27987B0800173AB9 /* FooterCell.swift */,
				AF574BBE27987B0800173AB9 /* FooterCell.xib */,
				AF2E994E2798833A00021F75 /* TextNewsCell.swift */,
				AF2E994F2798833A00021F75 /* TextNewsCell.xib */,
				AF2E9952279885D600021F75 /* ImageNewsCell.swift */,
				AF2E9953279885D600021F75 /* ImageNewsCell.xib */,
			);
			path = NewsCells;
			sourceTree = "<group>";
		};
		AF81627627A82C17000881E5 /* Extensions */ = {
			isa = PBXGroup;
			children = (
				AF81627727A82C43000881E5 /* SetAnchorPoint.swift */,
			);
			path = Extensions;
			sourceTree = "<group>";
		};
		AF929665277C71810097A708 /* Hacks */ = {
			isa = PBXGroup;
			children = (
				AF929666277C71A80097A708 /* AvatarView.swift */,
			);
			path = Hacks;
			sourceTree = "<group>";
		};
		AF9E537E2778948F00A3851B /* CollectionCell */ = {
			isa = PBXGroup;
			children = (
				AF9E53842778956400A3851B /* PhotoFriendsCollectionCell.swift */,
				AF9E53852778956400A3851B /* PhotoFriendsCollectionCell.xib */,
			);
			path = CollectionCell;
			sourceTree = "<group>";
		};
		AF9E53882778A6F000A3851B /* Model */ = {
			isa = PBXGroup;
			children = (
				AF9E53892778A74000A3851B /* User.swift */,
				AF9E538B2778A74C00A3851B /* Group.swift */,
				AF45CF6527B3DC09002EF5D7 /* Singleton.swift */,
			);
			path = Model;
			sourceTree = "<group>";
		};
		AFE2612C2771B6BA006994D1 = {
			isa = PBXGroup;
			children = (
				AFE261372771B6BA006994D1 /* VKApp */,
				AFE261362771B6BA006994D1 /* Products */,
			);
			sourceTree = "<group>";
		};
		AFE261362771B6BA006994D1 /* Products */ = {
			isa = PBXGroup;
			children = (
				AFE261352771B6BA006994D1 /* VKApp.app */,
			);
			name = Products;
			sourceTree = "<group>";
		};
		AFE261372771B6BA006994D1 /* VKApp */ = {
			isa = PBXGroup;
			children = (
				AF81627627A82C17000881E5 /* Extensions */,
				AF0185A527A6D615004B7593 /* UIHelpers */,
				AF929665277C71810097A708 /* Hacks */,
				AFE2614D2771BB2E006994D1 /* View */,
				AFE2614C2771BB17006994D1 /* VIewControllers */,
				AFE2614E2771BB4A006994D1 /* Source */,
				AF9E53882778A6F000A3851B /* Model */,
				AFE261412771B6BB006994D1 /* Assets.xcassets */,
				AFE261462771B6BB006994D1 /* Info.plist */,
			);
			path = VKApp;
			sourceTree = "<group>";
		};
		AFE2614C2771BB17006994D1 /* VIewControllers */ = {
			isa = PBXGroup;
			children = (
				AF2FD391279C618D0059C2E8 /* LoadScreenVC.swift */,
				AFE2613C2771B6BA006994D1 /* LoginViewController.swift */,
				AF5B67B62773B8E1008A52F2 /* PhotoFriendsCollectionVC.swift */,
				AF4277082773BCF6007C9E93 /* FriendsTableVC.swift */,
				AF42770A2773BD35007C9E93 /* PersonalGroupsTableVC.swift */,
				AF42770C2773BD79007C9E93 /* GlobalGroupsTableVC.swift */,
				AF5FC58B27988ECF00FEED89 /* NewsTableVC.swift */,
				AFB6527427A1B69D0007B248 /* FullScreenPhotoVC.swift */,
			);
			path = VIewControllers;
			sourceTree = "<group>";
		};
		AFE2614D2771BB2E006994D1 /* View */ = {
			isa = PBXGroup;
			children = (
				AF574BB52798635000173AB9 /* Main.storyboard */,
				AF574BB727986EBB00173AB9 /* ReusebleHeaderFooter */,
				AF1F8E7C27763C950054DB80 /* Reusable Cells */,
			);
			path = View;
			sourceTree = "<group>";
		};
		AFE2614E2771BB4A006994D1 /* Source */ = {
			isa = PBXGroup;
			children = (
				AFE261382771B6BA006994D1 /* AppDelegate.swift */,
				AFE2613A2771B6BA006994D1 /* SceneDelegate.swift */,
				AFE261432771B6BB006994D1 /* LaunchScreen.storyboard */,
			);
			path = Source;
			sourceTree = "<group>";
		};
/* End PBXGroup section */

/* Begin PBXNativeTarget section */
		AFE261342771B6BA006994D1 /* VKApp */ = {
			isa = PBXNativeTarget;
			buildConfigurationList = AFE261492771B6BB006994D1 /* Build configuration list for PBXNativeTarget "VKApp" */;
			buildPhases = (
				AFE261312771B6BA006994D1 /* Sources */,
				AFE261322771B6BA006994D1 /* Frameworks */,
				AFE261332771B6BA006994D1 /* Resources */,
			);
			buildRules = (
			);
			dependencies = (
			);
			name = VKApp;
			productName = SkateGram;
			productReference = AFE261352771B6BA006994D1 /* VKApp.app */;
			productType = "com.apple.product-type.application";
		};
/* End PBXNativeTarget section */

/* Begin PBXProject section */
		AFE2612D2771B6BA006994D1 /* Project object */ = {
			isa = PBXProject;
			attributes = {
				BuildIndependentTargetsInParallel = 1;
				LastSwiftUpdateCheck = 1310;
				LastUpgradeCheck = 1310;
				TargetAttributes = {
					AFE261342771B6BA006994D1 = {
						CreatedOnToolsVersion = 13.1;
					};
				};
			};
			buildConfigurationList = AFE261302771B6BA006994D1 /* Build configuration list for PBXProject "VKApp" */;
			compatibilityVersion = "Xcode 13.0";
			developmentRegion = en;
			hasScannedForEncodings = 0;
			knownRegions = (
				en,
				Base,
			);
			mainGroup = AFE2612C2771B6BA006994D1;
			productRefGroup = AFE261362771B6BA006994D1 /* Products */;
			projectDirPath = "";
			projectRoot = "";
			targets = (
				AFE261342771B6BA006994D1 /* VKApp */,
			);
		};
/* End PBXProject section */

/* Begin PBXResourcesBuildPhase section */
		AFE261332771B6BA006994D1 /* Resources */ = {
			isa = PBXResourcesBuildPhase;
			buildActionMask = 2147483647;
			files = (
				AF574BBC279876A700173AB9 /* HeaderCell.xib in Resources */,
				AFE261452771B6BB006994D1 /* LaunchScreen.storyboard in Resources */,
				AFE261422771B6BB006994D1 /* Assets.xcassets in Resources */,
				AF2E9955279885D600021F75 /* ImageNewsCell.xib in Resources */,
				AF9E53872778956400A3851B /* PhotoFriendsCollectionCell.xib in Resources */,
				AF574BC027987B0800173AB9 /* FooterCell.xib in Resources */,
				AFF319B62777619300DCBEB6 /* GroupsCell.xib in Resources */,
				AF574BB62798635000173AB9 /* Main.storyboard in Resources */,
				AF1F8E8127763CDD0054DB80 /* FriendsCell.xib in Resources */,
				AF2E99512798833A00021F75 /* TextNewsCell.xib in Resources */,
			);
			runOnlyForDeploymentPostprocessing = 0;
		};
/* End PBXResourcesBuildPhase section */

/* Begin PBXSourcesBuildPhase section */
		AFE261312771B6BA006994D1 /* Sources */ = {
			isa = PBXSourcesBuildPhase;
			buildActionMask = 2147483647;
			files = (
				AFB6527527A1B69D0007B248 /* FullScreenPhotoVC.swift in Sources */,
				AFE2613D2771B6BA006994D1 /* LoginViewController.swift in Sources */,
				AF0185A927A6D8A7004B7593 /* NavigationAnimators.swift in Sources */,
				AF0185A727A6D638004B7593 /* CustomNavigationConroller.swift in Sources */,
				AF2FD392279C618D0059C2E8 /* LoadScreenVC.swift in Sources */,
				AF42770D2773BD79007C9E93 /* GlobalGroupsTableVC.swift in Sources */,
				AF42770B2773BD35007C9E93 /* PersonalGroupsTableVC.swift in Sources */,
				AF9E538C2778A74C00A3851B /* Group.swift in Sources */,
				AF574BBB279876A700173AB9 /* HeaderCell.swift in Sources */,
				AF929667277C71A80097A708 /* AvatarView.swift in Sources */,
				AFF319B52777619300DCBEB6 /* GroupsCell.swift in Sources */,
				AF81627827A82C43000881E5 /* SetAnchorPoint.swift in Sources */,
				AF2E9954279885D600021F75 /* ImageNewsCell.swift in Sources */,
				AF45CF6627B3DC09002EF5D7 /* Singleton.swift in Sources */,
				AF5FC58C27988ECF00FEED89 /* NewsTableVC.swift in Sources */,
				AF574BBF27987B0800173AB9 /* FooterCell.swift in Sources */,
				AFE261392771B6BA006994D1 /* AppDelegate.swift in Sources */,
				AFE2613B2771B6BA006994D1 /* SceneDelegate.swift in Sources */,
				AF9E53862778956400A3851B /* PhotoFriendsCollectionCell.swift in Sources */,
				AF2E99502798833A00021F75 /* TextNewsCell.swift in Sources */,
				AF5B67B82773B8E1008A52F2 /* PhotoFriendsCollectionVC.swift in Sources */,
				AF4277092773BCF6007C9E93 /* FriendsTableVC.swift in Sources */,
				AF1F8E8027763CDD0054DB80 /* FriendsCell.swift in Sources */,
				AF9E538A2778A74000A3851B /* User.swift in Sources */,
			);
			runOnlyForDeploymentPostprocessing = 0;
		};
/* End PBXSourcesBuildPhase section */

/* Begin PBXVariantGroup section */
		AFE261432771B6BB006994D1 /* LaunchScreen.storyboard */ = {
			isa = PBXVariantGroup;
			children = (
				AFE261442771B6BB006994D1 /* Base */,
			);
			name = LaunchScreen.storyboard;
			sourceTree = "<group>";
		};
/* End PBXVariantGroup section */

/* Begin XCBuildConfiguration section */
		AFE261472771B6BB006994D1 /* Debug */ = {
			isa = XCBuildConfiguration;
			buildSettings = {
				ALWAYS_SEARCH_USER_PATHS = NO;
				CLANG_ANALYZER_NONNULL = YES;
				CLANG_ANALYZER_NUMBER_OBJECT_CONVERSION = YES_AGGRESSIVE;
				CLANG_CXX_LANGUAGE_STANDARD = "gnu++17";
				CLANG_CXX_LIBRARY = "libc++";
				CLANG_ENABLE_MODULES = YES;
				CLANG_ENABLE_OBJC_ARC = YES;
				CLANG_ENABLE_OBJC_WEAK = YES;
				CLANG_WARN_BLOCK_CAPTURE_AUTORELEASING = YES;
				CLANG_WARN_BOOL_CONVERSION = YES;
				CLANG_WARN_COMMA = YES;
				CLANG_WARN_CONSTANT_CONVERSION = YES;
				CLANG_WARN_DEPRECATED_OBJC_IMPLEMENTATIONS = YES;
				CLANG_WARN_DIRECT_OBJC_ISA_USAGE = YES_ERROR;
				CLANG_WARN_DOCUMENTATION_COMMENTS = YES;
				CLANG_WARN_EMPTY_BODY = YES;
				CLANG_WARN_ENUM_CONVERSION = YES;
				CLANG_WARN_INFINITE_RECURSION = YES;
				CLANG_WARN_INT_CONVERSION = YES;
				CLANG_WARN_NON_LITERAL_NULL_CONVERSION = YES;
				CLANG_WARN_OBJC_IMPLICIT_RETAIN_SELF = YES;
				CLANG_WARN_OBJC_LITERAL_CONVERSION = YES;
				CLANG_WARN_OBJC_ROOT_CLASS = YES_ERROR;
				CLANG_WARN_QUOTED_INCLUDE_IN_FRAMEWORK_HEADER = YES;
				CLANG_WARN_RANGE_LOOP_ANALYSIS = YES;
				CLANG_WARN_STRICT_PROTOTYPES = YES;
				CLANG_WARN_SUSPICIOUS_MOVE = YES;
				CLANG_WARN_UNGUARDED_AVAILABILITY = YES_AGGRESSIVE;
				CLANG_WARN_UNREACHABLE_CODE = YES;
				CLANG_WARN__DUPLICATE_METHOD_MATCH = YES;
				COPY_PHASE_STRIP = NO;
				DEBUG_INFORMATION_FORMAT = dwarf;
				ENABLE_STRICT_OBJC_MSGSEND = YES;
				ENABLE_TESTABILITY = YES;
				GCC_C_LANGUAGE_STANDARD = gnu11;
				GCC_DYNAMIC_NO_PIC = NO;
				GCC_NO_COMMON_BLOCKS = YES;
				GCC_OPTIMIZATION_LEVEL = 0;
				GCC_PREPROCESSOR_DEFINITIONS = (
					"DEBUG=1",
					"$(inherited)",
				);
				GCC_WARN_64_TO_32_BIT_CONVERSION = YES;
				GCC_WARN_ABOUT_RETURN_TYPE = YES_ERROR;
				GCC_WARN_UNDECLARED_SELECTOR = YES;
				GCC_WARN_UNINITIALIZED_AUTOS = YES_AGGRESSIVE;
				GCC_WARN_UNUSED_FUNCTION = YES;
				GCC_WARN_UNUSED_VARIABLE = YES;
				IPHONEOS_DEPLOYMENT_TARGET = 15.0;
				MTL_ENABLE_DEBUG_INFO = INCLUDE_SOURCE;
				MTL_FAST_MATH = YES;
				ONLY_ACTIVE_ARCH = YES;
				SDKROOT = iphoneos;
				SWIFT_ACTIVE_COMPILATION_CONDITIONS = DEBUG;
				SWIFT_OPTIMIZATION_LEVEL = "-Onone";
			};
			name = Debug;
		};
		AFE261482771B6BB006994D1 /* Release */ = {
			isa = XCBuildConfiguration;
			buildSettings = {
				ALWAYS_SEARCH_USER_PATHS = NO;
				CLANG_ANALYZER_NONNULL = YES;
				CLANG_ANALYZER_NUMBER_OBJECT_CONVERSION = YES_AGGRESSIVE;
				CLANG_CXX_LANGUAGE_STANDARD = "gnu++17";
				CLANG_CXX_LIBRARY = "libc++";
				CLANG_ENABLE_MODULES = YES;
				CLANG_ENABLE_OBJC_ARC = YES;
				CLANG_ENABLE_OBJC_WEAK = YES;
				CLANG_WARN_BLOCK_CAPTURE_AUTORELEASING = YES;
				CLANG_WARN_BOOL_CONVERSION = YES;
				CLANG_WARN_COMMA = YES;
				CLANG_WARN_CONSTANT_CONVERSION = YES;
				CLANG_WARN_DEPRECATED_OBJC_IMPLEMENTATIONS = YES;
				CLANG_WARN_DIRECT_OBJC_ISA_USAGE = YES_ERROR;
				CLANG_WARN_DOCUMENTATION_COMMENTS = YES;
				CLANG_WARN_EMPTY_BODY = YES;
				CLANG_WARN_ENUM_CONVERSION = YES;
				CLANG_WARN_INFINITE_RECURSION = YES;
				CLANG_WARN_INT_CONVERSION = YES;
				CLANG_WARN_NON_LITERAL_NULL_CONVERSION = YES;
				CLANG_WARN_OBJC_IMPLICIT_RETAIN_SELF = YES;
				CLANG_WARN_OBJC_LITERAL_CONVERSION = YES;
				CLANG_WARN_OBJC_ROOT_CLASS = YES_ERROR;
				CLANG_WARN_QUOTED_INCLUDE_IN_FRAMEWORK_HEADER = YES;
				CLANG_WARN_RANGE_LOOP_ANALYSIS = YES;
				CLANG_WARN_STRICT_PROTOTYPES = YES;
				CLANG_WARN_SUSPICIOUS_MOVE = YES;
				CLANG_WARN_UNGUARDED_AVAILABILITY = YES_AGGRESSIVE;
				CLANG_WARN_UNREACHABLE_CODE = YES;
				CLANG_WARN__DUPLICATE_METHOD_MATCH = YES;
				COPY_PHASE_STRIP = NO;
				DEBUG_INFORMATION_FORMAT = "dwarf-with-dsym";
				ENABLE_NS_ASSERTIONS = NO;
				ENABLE_STRICT_OBJC_MSGSEND = YES;
				GCC_C_LANGUAGE_STANDARD = gnu11;
				GCC_NO_COMMON_BLOCKS = YES;
				GCC_WARN_64_TO_32_BIT_CONVERSION = YES;
				GCC_WARN_ABOUT_RETURN_TYPE = YES_ERROR;
				GCC_WARN_UNDECLARED_SELECTOR = YES;
				GCC_WARN_UNINITIALIZED_AUTOS = YES_AGGRESSIVE;
				GCC_WARN_UNUSED_FUNCTION = YES;
				GCC_WARN_UNUSED_VARIABLE = YES;
				IPHONEOS_DEPLOYMENT_TARGET = 15.0;
				MTL_ENABLE_DEBUG_INFO = NO;
				MTL_FAST_MATH = YES;
				SDKROOT = iphoneos;
				SWIFT_COMPILATION_MODE = wholemodule;
				SWIFT_OPTIMIZATION_LEVEL = "-O";
				VALIDATE_PRODUCT = YES;
			};
			name = Release;
		};
		AFE2614A2771B6BB006994D1 /* Debug */ = {
			isa = XCBuildConfiguration;
			buildSettings = {
				ASSETCATALOG_COMPILER_APPICON_NAME = AppIcon;
				ASSETCATALOG_COMPILER_GLOBAL_ACCENT_COLOR_NAME = AccentColor;
				CODE_SIGN_STYLE = Automatic;
				CURRENT_PROJECT_VERSION = 1;
				DEVELOPMENT_TEAM = ZU4J9YA52M;
				GENERATE_INFOPLIST_FILE = YES;
				INFOPLIST_FILE = VKApp/Info.plist;
				INFOPLIST_KEY_CFBundleDisplayName = VKApp;
				INFOPLIST_KEY_UIApplicationSupportsIndirectInputEvents = YES;
				INFOPLIST_KEY_UILaunchStoryboardName = LaunchScreen;
				INFOPLIST_KEY_UIMainStoryboardFile = Main;
				INFOPLIST_KEY_UISupportedInterfaceOrientations_iPad = "UIInterfaceOrientationPortrait UIInterfaceOrientationPortraitUpsideDown UIInterfaceOrientationLandscapeLeft UIInterfaceOrientationLandscapeRight";
				INFOPLIST_KEY_UISupportedInterfaceOrientations_iPhone = "UIInterfaceOrientationPortrait UIInterfaceOrientationLandscapeLeft UIInterfaceOrientationLandscapeRight";
				LD_RUNPATH_SEARCH_PATHS = (
					"$(inherited)",
					"@executable_path/Frameworks",
				);
				MARKETING_VERSION = 1.0;
				PRODUCT_BUNDLE_IDENTIFIER = "-23.VKApp";
				PRODUCT_NAME = "$(TARGET_NAME)";
				SWIFT_EMIT_LOC_STRINGS = YES;
				SWIFT_VERSION = 5.0;
				TARGETED_DEVICE_FAMILY = "1,2";
			};
			name = Debug;
		};
		AFE2614B2771B6BB006994D1 /* Release */ = {
			isa = XCBuildConfiguration;
			buildSettings = {
				ASSETCATALOG_COMPILER_APPICON_NAME = AppIcon;
				ASSETCATALOG_COMPILER_GLOBAL_ACCENT_COLOR_NAME = AccentColor;
				CODE_SIGN_STYLE = Automatic;
				CURRENT_PROJECT_VERSION = 1;
				DEVELOPMENT_TEAM = ZU4J9YA52M;
				GENERATE_INFOPLIST_FILE = YES;
				INFOPLIST_FILE = VKApp/Info.plist;
				INFOPLIST_KEY_CFBundleDisplayName = VKApp;
				INFOPLIST_KEY_UIApplicationSupportsIndirectInputEvents = YES;
				INFOPLIST_KEY_UILaunchStoryboardName = LaunchScreen;
				INFOPLIST_KEY_UIMainStoryboardFile = Main;
				INFOPLIST_KEY_UISupportedInterfaceOrientations_iPad = "UIInterfaceOrientationPortrait UIInterfaceOrientationPortraitUpsideDown UIInterfaceOrientationLandscapeLeft UIInterfaceOrientationLandscapeRight";
				INFOPLIST_KEY_UISupportedInterfaceOrientations_iPhone = "UIInterfaceOrientationPortrait UIInterfaceOrientationLandscapeLeft UIInterfaceOrientationLandscapeRight";
				LD_RUNPATH_SEARCH_PATHS = (
					"$(inherited)",
					"@executable_path/Frameworks",
				);
				MARKETING_VERSION = 1.0;
				PRODUCT_BUNDLE_IDENTIFIER = "-23.VKApp";
				PRODUCT_NAME = "$(TARGET_NAME)";
				SWIFT_EMIT_LOC_STRINGS = YES;
				SWIFT_VERSION = 5.0;
				TARGETED_DEVICE_FAMILY = "1,2";
			};
			name = Release;
		};
/* End XCBuildConfiguration section */

/* Begin XCConfigurationList section */
		AFE261302771B6BA006994D1 /* Build configuration list for PBXProject "VKApp" */ = {
			isa = XCConfigurationList;
			buildConfigurations = (
				AFE261472771B6BB006994D1 /* Debug */,
				AFE261482771B6BB006994D1 /* Release */,
			);
			defaultConfigurationIsVisible = 0;
			defaultConfigurationName = Release;
		};
		AFE261492771B6BB006994D1 /* Build configuration list for PBXNativeTarget "VKApp" */ = {
			isa = XCConfigurationList;
			buildConfigurations = (
				AFE2614A2771B6BB006994D1 /* Debug */,
				AFE2614B2771B6BB006994D1 /* Release */,
			);
			defaultConfigurationIsVisible = 0;
			defaultConfigurationName = Release;
		};
/* End XCConfigurationList section */
	};
	rootObject = AFE2612D2771B6BA006994D1 /* Project object */;
}
